
Microsoft Visual Studio Solution File, Format Version 12.00
# Visual Studio Version 16
VisualStudioVersion = 16.0.29709.97
MinimumVisualStudioVersion = 10.0.40219.1
Project("{FAE04EC0-301F-11D3-BF4B-00C04F79EFBC}") = "ClientChat.UWP", "ClientChat.UWP\ClientChat.UWP.csproj", "{95DF3EFF-F206-4E4F-A68F-37CEC1637EAE}"
EndProject
Project("{FAE04EC0-301F-11D3-BF4B-00C04F79EFBC}") = "ClientChat.Android", "ClientChat.Android\ClientChat.Android.csproj", "{F3EE804F-77EA-4241-A785-20998DAF1AFE}"
EndProject
Project("{FAE04EC0-301F-11D3-BF4B-00C04F79EFBC}") = "ClientChat.iOS", "ClientChat.iOS\ClientChat.iOS.csproj", "{A6251A69-01DC-48D2-8F06-29B2E1B7FD94}"
EndProject
Project("{FAE04EC0-301F-11D3-BF4B-00C04F79EFBC}") = "ClientChat", "ClientChat\ClientChat.csproj", "{377D9CA9-A2A1-4A3D-9C27-F3769B05F4E5}"
EndProject
Global
	GlobalSection(SolutionConfigurationPlatforms) = preSolution
		Debug|Any CPU = Debug|Any CPU
		Debug|ARM = Debug|ARM
		Debug|iPhone = Debug|iPhone
		Debug|iPhoneSimulator = Debug|iPhoneSimulator
		Debug|x64 = Debug|x64
		Debug|x86 = Debug|x86
		Release|Any CPU = Release|Any CPU
		Release|ARM = Release|ARM
		Release|iPhone = Release|iPhone
		Release|iPhoneSimulator = Release|iPhoneSimulator
		Release|x64 = Release|x64
		Release|x86 = Release|x86
	EndGlobalSection
	GlobalSection(ProjectConfigurationPlatforms) = postSolution
		{95DF3EFF-F206-4E4F-A68F-37CEC1637EAE}.Debug|Any CPU.ActiveCfg = Debug|x86
		{95DF3EFF-F206-4E4F-A68F-37CEC1637EAE}.Debug|Any CPU.Build.0 = Debug|x86
		{95DF3EFF-F206-4E4F-A68F-37CEC1637EAE}.Debug|Any CPU.Deploy.0 = Debug|x86
		{95DF3EFF-F206-4E4F-A68F-37CEC1637EAE}.Debug|ARM.ActiveCfg = Debug|ARM
		{95DF3EFF-F206-4E4F-A68F-37CEC1637EAE}.Debug|ARM.Build.0 = Debug|ARM
		{95DF3EFF-F206-4E4F-A68F-37CEC1637EAE}.Debug|ARM.Deploy.0 = Debug|ARM
		{95DF3EFF-F206-4E4F-A68F-37CEC1637EAE}.Debug|iPhone.ActiveCfg = Debug|x86
		{95DF3EFF-F206-4E4F-A68F-37CEC1637EAE}.Debug|iPhone.Build.0 = Debug|x86
		{95DF3EFF-F206-4E4F-A68F-37CEC1637EAE}.Debug|iPhone.Deploy.0 = Debug|x86
		{95DF3EFF-F206-4E4F-A68F-37CEC1637EAE}.Debug|iPhoneSimulator.ActiveCfg = Debug|x86
		{95DF3EFF-F206-4E4F-A68F-37CEC1637EAE}.Debug|iPhoneSimulator.Build.0 = Debug|x86
		{95DF3EFF-F206-4E4F-A68F-37CEC1637EAE}.Debug|iPhoneSimulator.Deploy.0 = Debug|x86
		{95DF3EFF-F206-4E4F-A68F-37CEC1637EAE}.Debug|x64.ActiveCfg = Debug|x64
		{95DF3EFF-F206-4E4F-A68F-37CEC1637EAE}.Debug|x64.Build.0 = Debug|x64
		{95DF3EFF-F206-4E4F-A68F-37CEC1637EAE}.Debug|x64.Deploy.0 = Debug|x64
		{95DF3EFF-F206-4E4F-A68F-37CEC1637EAE}.Debug|x86.ActiveCfg = Debug|x86
		{95DF3EFF-F206-4E4F-A68F-37CEC1637EAE}.Debug|x86.Build.0 = Debug|x86
		{95DF3EFF-F206-4E4F-A68F-37CEC1637EAE}.Debug|x86.Deploy.0 = Debug|x86
		{95DF3EFF-F206-4E4F-A68F-37CEC1637EAE}.Release|Any CPU.ActiveCfg = Release|x86
		{95DF3EFF-F206-4E4F-A68F-37CEC1637EAE}.Release|Any CPU.Build.0 = Release|x86
		{95DF3EFF-F206-4E4F-A68F-37CEC1637EAE}.Release|Any CPU.Deploy.0 = Release|x86
		{95DF3EFF-F206-4E4F-A68F-37CEC1637EAE}.Release|ARM.ActiveCfg = Release|ARM
		{95DF3EFF-F206-4E4F-A68F-37CEC1637EAE}.Release|ARM.Build.0 = Release|ARM
		{95DF3EFF-F206-4E4F-A68F-37CEC1637EAE}.Release|ARM.Deploy.0 = Release|ARM
		{95DF3EFF-F206-4E4F-A68F-37CEC1637EAE}.Release|iPhone.ActiveCfg = Release|x86
		{95DF3EFF-F206-4E4F-A68F-37CEC1637EAE}.Release|iPhone.Build.0 = Release|x86
		{95DF3EFF-F206-4E4F-A68F-37CEC1637EAE}.Release|iPhone.Deploy.0 = Release|x86
		{95DF3EFF-F206-4E4F-A68F-37CEC1637EAE}.Release|iPhoneSimulator.ActiveCfg = Release|x86
		{95DF3EFF-F206-4E4F-A68F-37CEC1637EAE}.Release|iPhoneSimulator.Build.0 = Release|x86
		{95DF3EFF-F206-4E4F-A68F-37CEC1637EAE}.Release|iPhoneSimulator.Deploy.0 = Release|x86
		{95DF3EFF-F206-4E4F-A68F-37CEC1637EAE}.Release|x64.ActiveCfg = Release|x64
		{95DF3EFF-F206-4E4F-A68F-37CEC1637EAE}.Release|x64.Build.0 = Release|x64
		{95DF3EFF-F206-4E4F-A68F-37CEC1637EAE}.Release|x64.Deploy.0 = Release|x64
		{95DF3EFF-F206-4E4F-A68F-37CEC1637EAE}.Release|x86.ActiveCfg = Release|x86
		{95DF3EFF-F206-4E4F-A68F-37CEC1637EAE}.Release|x86.Build.0 = Release|x86
		{95DF3EFF-F206-4E4F-A68F-37CEC1637EAE}.Release|x86.Deploy.0 = Release|x86
		{F3EE804F-77EA-4241-A785-20998DAF1AFE}.Debug|Any CPU.ActiveCfg = Debug|Any CPU
		{F3EE804F-77EA-4241-A785-20998DAF1AFE}.Debug|Any CPU.Build.0 = Debug|Any CPU
		{F3EE804F-77EA-4241-A785-20998DAF1AFE}.Debug|Any CPU.Deploy.0 = Debug|Any CPU
		{F3EE804F-77EA-4241-A785-20998DAF1AFE}.Debug|ARM.ActiveCfg = Debug|Any CPU
		{F3EE804F-77EA-4241-A785-20998DAF1AFE}.Debug|ARM.Build.0 = Debug|Any CPU
		{F3EE804F-77EA-4241-A785-20998DAF1AFE}.Debug|ARM.Deploy.0 = Debug|Any CPU
		{F3EE804F-77EA-4241-A785-20998DAF1AFE}.Debug|iPhone.ActiveCfg = Debug|Any CPU
		{F3EE804F-77EA-4241-A785-20998DAF1AFE}.Debug|iPhone.Build.0 = Debug|Any CPU
		{F3EE804F-77EA-4241-A785-20998DAF1AFE}.Debug|iPhone.Deploy.0 = Debug|Any CPU
		{F3EE804F-77EA-4241-A785-20998DAF1AFE}.Debug|iPhoneSimulator.ActiveCfg = Debug|Any CPU
		{F3EE804F-77EA-4241-A785-20998DAF1AFE}.Debug|iPhoneSimulator.Build.0 = Debug|Any CPU
		{F3EE804F-77EA-4241-A785-20998DAF1AFE}.Debug|iPhoneSimulator.Deploy.0 = Debug|Any CPU
		{F3EE804F-77EA-4241-A785-20998DAF1AFE}.Debug|x64.ActiveCfg = Debug|Any CPU
		{F3EE804F-77EA-4241-A785-20998DAF1AFE}.Debug|x64.Build.0 = Debug|Any CPU
		{F3EE804F-77EA-4241-A785-20998DAF1AFE}.Debug|x64.Deploy.0 = Debug|Any CPU
		{F3EE804F-77EA-4241-A785-20998DAF1AFE}.Debug|x86.ActiveCfg = Debug|Any CPU
		{F3EE804F-77EA-4241-A785-20998DAF1AFE}.Debug|x86.Build.0 = Debug|Any CPU
		{F3EE804F-77EA-4241-A785-20998DAF1AFE}.Debug|x86.Deploy.0 = Debug|Any CPU
		{F3EE804F-77EA-4241-A785-20998DAF1AFE}.Release|Any CPU.ActiveCfg = Release|Any CPU
		{F3EE804F-77EA-4241-A785-20998DAF1AFE}.Release|Any CPU.Build.0 = Release|Any CPU
		{F3EE804F-77EA-4241-A785-20998DAF1AFE}.Release|Any CPU.Deploy.0 = Release|Any CPU
		{F3EE804F-77EA-4241-A785-20998DAF1AFE}.Release|ARM.ActiveCfg = Release|Any CPU
		{F3EE804F-77EA-4241-A785-20998DAF1AFE}.Release|ARM.Build.0 = Release|Any CPU
		{F3EE804F-77EA-4241-A785-20998DAF1AFE}.Release|ARM.Deploy.0 = Release|Any CPU
		{F3EE804F-77EA-4241-A785-20998DAF1AFE}.Release|iPhone.ActiveCfg = Release|Any CPU
		{F3EE804F-77EA-4241-A785-20998DAF1AFE}.Release|iPhone.Build.0 = Release|Any CPU
		{F3EE804F-77EA-4241-A785-20998DAF1AFE}.Release|iPhone.Deploy.0 = Release|Any CPU
		{F3EE804F-77EA-4241-A785-20998DAF1AFE}.Release|iPhoneSimulator.ActiveCfg = Release|Any CPU
		{F3EE804F-77EA-4241-A785-20998DAF1AFE}.Release|iPhoneSimulator.Build.0 = Release|Any CPU
		{F3EE804F-77EA-4241-A785-20998DAF1AFE}.Release|iPhoneSimulator.Deploy.0 = Release|Any CPU
		{F3EE804F-77EA-4241-A785-20998DAF1AFE}.Release|x64.ActiveCfg = Release|Any CPU
		{F3EE804F-77EA-4241-A785-20998DAF1AFE}.Release|x64.Build.0 = Release|Any CPU
		{F3EE804F-77EA-4241-A785-20998DAF1AFE}.Release|x64.Deploy.0 = Release|Any CPU
		{F3EE804F-77EA-4241-A785-20998DAF1AFE}.Release|x86.ActiveCfg = Release|Any CPU
		{F3EE804F-77EA-4241-A785-20998DAF1AFE}.Release|x86.Build.0 = Release|Any CPU
		{F3EE804F-77EA-4241-A785-20998DAF1AFE}.Release|x86.Deploy.0 = Release|Any CPU
		{A6251A69-01DC-48D2-8F06-29B2E1B7FD94}.Debug|Any CPU.ActiveCfg = Debug|iPhone
		{A6251A69-01DC-48D2-8F06-29B2E1B7FD94}.Debug|Any CPU.Build.0 = Debug|iPhone
		{A6251A69-01DC-48D2-8F06-29B2E1B7FD94}.Debug|Any CPU.Deploy.0 = Debug|iPhone
		{A6251A69-01DC-48D2-8F06-29B2E1B7FD94}.Debug|ARM.ActiveCfg = Debug|iPhoneSimulator
		{A6251A69-01DC-48D2-8F06-29B2E1B7FD94}.Debug|ARM.Build.0 = Debug|iPhoneSimulator
		{A6251A69-01DC-48D2-8F06-29B2E1B7FD94}.Debug|ARM.Deploy.0 = Debug|iPhoneSimulator
		{A6251A69-01DC-48D2-8F06-29B2E1B7FD94}.Debug|iPhone.ActiveCfg = Debug|iPhone
		{A6251A69-01DC-48D2-8F06-29B2E1B7FD94}.Debug|iPhone.Build.0 = Debug|iPhone
		{A6251A69-01DC-48D2-8F06-29B2E1B7FD94}.Debug|iPhone.Deploy.0 = Debug|iPhone
		{A6251A69-01DC-48D2-8F06-29B2E1B7FD94}.Debug|iPhoneSimulator.ActiveCfg = Debug|iPhoneSimulator
		{A6251A69-01DC-48D2-8F06-29B2E1B7FD94}.Debug|iPhoneSimulator.Build.0 = Debug|iPhoneSimulator
		{A6251A69-01DC-48D2-8F06-29B2E1B7FD94}.Debug|iPhoneSimulator.Deploy.0 = Debug|iPhoneSimulator
		{A6251A69-01DC-48D2-8F06-29B2E1B7FD94}.Debug|x64.ActiveCfg = Debug|iPhone
		{A6251A69-01DC-48D2-8F06-29B2E1B7FD94}.Debug|x64.Build.0 = Debug|iPhone
		{A6251A69-01DC-48D2-8F06-29B2E1B7FD94}.Debug|x64.Deploy.0 = Debug|iPhone
		{A6251A69-01DC-48D2-8F06-29B2E1B7FD94}.Debug|x86.ActiveCfg = Debug|iPhone
		{A6251A69-01DC-48D2-8F06-29B2E1B7FD94}.Debug|x86.Build.0 = Debug|iPhone
		{A6251A69-01DC-48D2-8F06-29B2E1B7FD94}.Debug|x86.Deploy.0 = Debug|iPhone
		{A6251A69-01DC-48D2-8F06-29B2E1B7FD94}.Release|Any CPU.ActiveCfg = Release|iPhone
		{A6251A69-01DC-48D2-8F06-29B2E1B7FD94}.Release|Any CPU.Build.0 = Release|iPhone
		{A6251A69-01DC-48D2-8F06-29B2E1B7FD94}.Release|Any CPU.Deploy.0 = Release|iPhone
		{A6251A69-01DC-48D2-8F06-29B2E1B7FD94}.Release|ARM.ActiveCfg = Release|iPhone
		{A6251A69-01DC-48D2-8F06-29B2E1B7FD94}.Release|ARM.Build.0 = Release|iPhone
		{A6251A69-01DC-48D2-8F06-29B2E1B7FD94}.Release|ARM.Deploy.0 = Release|iPhone
		{A6251A69-01DC-48D2-8F06-29B2E1B7FD94}.Release|iPhone.ActiveCfg = Release|iPhone
		{A6251A69-01DC-48D2-8F06-29B2E1B7FD94}.Release|iPhone.Build.0 = Release|iPhone
		{A6251A69-01DC-48D2-8F06-29B2E1B7FD94}.Release|iPhone.Deploy.0 = Release|iPhone
		{A6251A69-01DC-48D2-8F06-29B2E1B7FD94}.Release|iPhoneSimulator.ActiveCfg = Release|iPhoneSimulator
		{A6251A69-01DC-48D2-8F06-29B2E1B7FD94}.Release|iPhoneSimulator.Build.0 = Release|iPhoneSimulator
		{A6251A69-01DC-48D2-8F06-29B2E1B7FD94}.Release|iPhoneSimulator.Deploy.0 = Release|iPhoneSimulator
		{A6251A69-01DC-48D2-8F06-29B2E1B7FD94}.Release|x64.ActiveCfg = Release|iPhone
		{A6251A69-01DC-48D2-8F06-29B2E1B7FD94}.Release|x64.Build.0 = Release|iPhone
		{A6251A69-01DC-48D2-8F06-29B2E1B7FD94}.Release|x64.Deploy.0 = Release|iPhone
		{A6251A69-01DC-48D2-8F06-29B2E1B7FD94}.Release|x86.ActiveCfg = Release|iPhone
		{A6251A69-01DC-48D2-8F06-29B2E1B7FD94}.Release|x86.Build.0 = Release|iPhone
		{A6251A69-01DC-48D2-8F06-29B2E1B7FD94}.Release|x86.Deploy.0 = Release|iPhone
		{377D9CA9-A2A1-4A3D-9C27-F3769B05F4E5}.Debug|Any CPU.ActiveCfg = Debug|Any CPU
		{377D9CA9-A2A1-4A3D-9C27-F3769B05F4E5}.Debug|Any CPU.Build.0 = Debug|Any CPU
		{377D9CA9-A2A1-4A3D-9C27-F3769B05F4E5}.Debug|Any CPU.Deploy.0 = Debug|Any CPU
		{377D9CA9-A2A1-4A3D-9C27-F3769B05F4E5}.Debug|ARM.ActiveCfg = Debug|Any CPU
		{377D9CA9-A2A1-4A3D-9C27-F3769B05F4E5}.Debug|ARM.Build.0 = Debug|Any CPU
		{377D9CA9-A2A1-4A3D-9C27-F3769B05F4E5}.Debug|ARM.Deploy.0 = Debug|Any CPU
		{377D9CA9-A2A1-4A3D-9C27-F3769B05F4E5}.Debug|iPhone.ActiveCfg = Debug|Any CPU
		{377D9CA9-A2A1-4A3D-9C27-F3769B05F4E5}.Debug|iPhone.Build.0 = Debug|Any CPU
		{377D9CA9-A2A1-4A3D-9C27-F3769B05F4E5}.Debug|iPhone.Deploy.0 = Debug|Any CPU
		{377D9CA9-A2A1-4A3D-9C27-F3769B05F4E5}.Debug|iPhoneSimulator.ActiveCfg = Debug|Any CPU
		{377D9CA9-A2A1-4A3D-9C27-F3769B05F4E5}.Debug|iPhoneSimulator.Build.0 = Debug|Any CPU
		{377D9CA9-A2A1-4A3D-9C27-F3769B05F4E5}.Debug|iPhoneSimulator.Deploy.0 = Debug|Any CPU
		{377D9CA9-A2A1-4A3D-9C27-F3769B05F4E5}.Debug|x64.ActiveCfg = Debug|Any CPU
		{377D9CA9-A2A1-4A3D-9C27-F3769B05F4E5}.Debug|x64.Build.0 = Debug|Any CPU
		{377D9CA9-A2A1-4A3D-9C27-F3769B05F4E5}.Debug|x64.Deploy.0 = Debug|Any CPU
		{377D9CA9-A2A1-4A3D-9C27-F3769B05F4E5}.Debug|x86.ActiveCfg = Debug|Any CPU
		{377D9CA9-A2A1-4A3D-9C27-F3769B05F4E5}.Debug|x86.Build.0 = Debug|Any CPU
		{377D9CA9-A2A1-4A3D-9C27-F3769B05F4E5}.Debug|x86.Deploy.0 = Debug|Any CPU
		{377D9CA9-A2A1-4A3D-9C27-F3769B05F4E5}.Release|Any CPU.ActiveCfg = Release|Any CPU
		{377D9CA9-A2A1-4A3D-9C27-F3769B05F4E5}.Release|Any CPU.Build.0 = Release|Any CPU
		{377D9CA9-A2A1-4A3D-9C27-F3769B05F4E5}.Release|Any CPU.Deploy.0 = Release|Any CPU
		{377D9CA9-A2A1-4A3D-9C27-F3769B05F4E5}.Release|ARM.ActiveCfg = Release|Any CPU
		{377D9CA9-A2A1-4A3D-9C27-F3769B05F4E5}.Release|ARM.Build.0 = Release|Any CPU
		{377D9CA9-A2A1-4A3D-9C27-F3769B05F4E5}.Release|ARM.Deploy.0 = Release|Any CPU
		{377D9CA9-A2A1-4A3D-9C27-F3769B05F4E5}.Release|iPhone.ActiveCfg = Release|Any CPU
		{377D9CA9-A2A1-4A3D-9C27-F3769B05F4E5}.Release|iPhone.Build.0 = Release|Any CPU
		{377D9CA9-A2A1-4A3D-9C27-F3769B05F4E5}.Release|iPhone.Deploy.0 = Release|Any CPU
		{377D9CA9-A2A1-4A3D-9C27-F3769B05F4E5}.Release|iPhoneSimulator.ActiveCfg = Release|Any CPU
		{377D9CA9-A2A1-4A3D-9C27-F3769B05F4E5}.Release|iPhoneSimulator.Build.0 = Release|Any CPU
		{377D9CA9-A2A1-4A3D-9C27-F3769B05F4E5}.Release|iPhoneSimulator.Deploy.0 = Release|Any CPU
		{377D9CA9-A2A1-4A3D-9C27-F3769B05F4E5}.Release|x64.ActiveCfg = Release|Any CPU
		{377D9CA9-A2A1-4A3D-9C27-F3769B05F4E5}.Release|x64.Build.0 = Release|Any CPU
		{377D9CA9-A2A1-4A3D-9C27-F3769B05F4E5}.Release|x64.Deploy.0 = Release|Any CPU
		{377D9CA9-A2A1-4A3D-9C27-F3769B05F4E5}.Release|x86.ActiveCfg = Release|Any CPU
		{377D9CA9-A2A1-4A3D-9C27-F3769B05F4E5}.Release|x86.Build.0 = Release|Any CPU
		{377D9CA9-A2A1-4A3D-9C27-F3769B05F4E5}.Release|x86.Deploy.0 = Release|Any CPU
	EndGlobalSection
	GlobalSection(SolutionProperties) = preSolution
		HideSolutionNode = FALSE
	EndGlobalSection
	GlobalSection(ExtensibilityGlobals) = postSolution
		SolutionGuid = {07D02161-05F1-46B3-9123-5F957798242B}
	EndGlobalSection
EndGlobal
